{
  "originHash" : "114ba2b17d39ac3ba3d1d9ab43f7c7f8c0593ecbd869955d332458c0c2ef353e",
  "pins" : [
    {
      "identity" : "swift-syntax",
      "kind" : "remoteSourceControl",
      "location" : "https://github.com/apple/swift-syntax.git",
      "state" : {
        "revision" : "6ad4ea24b01559dde0773e3d091f1b9e36175036",
        "version" : "509.0.2"
      }
    }
  ],
  "version" : 3
}
